
Microsoft Visual Studio Solution File, Format Version 12.00
# Visual Studio 14
VisualStudioVersion = 14.0.25420.1
MinimumVisualStudioVersion = 10.0.40219.1
Project("{FAE04EC0-301F-11D3-BF4B-00C04F79EFBC}") = "Depcom.TaberIsla.WinForm", "Depcom.TaberIsla.WinForm\Depcom.TaberIsla.WinForm.csproj", "{3B02798E-7CB5-4684-BC3F-9C0445FF4DF3}"
EndProject
Project("{FAE04EC0-301F-11D3-BF4B-00C04F79EFBC}") = "Depcom.TaberIsla.Domain", "Depcom.TaberIsla.Entity\Depcom.TaberIsla.Domain.csproj", "{EDEEB363-1BEB-46E0-8E0C-DD13A617C2FE}"
EndProject
Project("{FAE04EC0-301F-11D3-BF4B-00C04F79EFBC}") = "Depcom.TaberIsla.DataAccess", "Depcom.TaberIsla.DataAccess\Depcom.TaberIsla.DataAccess.csproj", "{4E153BAB-F679-41F9-B29D-F79927FF4EEE}"
EndProject
Project("{FAE04EC0-301F-11D3-BF4B-00C04F79EFBC}") = "Depcom.TaberIsla.BusinessLogic", "Depcom.TaberIsla.BusinessLogic\Depcom.TaberIsla.BusinessLogic.csproj", "{62E3F178-66FA-42B4-9E6F-AD058DAAF1FC}"
EndProject
Project("{FAE04EC0-301F-11D3-BF4B-00C04F79EFBC}") = "Depcom.TaberIsla.Test", "Depcom.TaberIsla.Test\Depcom.TaberIsla.Test.csproj", "{75063312-15BE-447C-B3DB-6586A4BE264F}"
EndProject
Project("{2150E333-8FDC-42A3-9474-1A3956D46DE8}") = "2-DataAccess", "2-DataAccess", "{3CF0BC66-B29B-4D6B-A4DA-D72212E01DB5}"
EndProject
Project("{2150E333-8FDC-42A3-9474-1A3956D46DE8}") = "0-Domain", "0-Domain", "{EDE8ABF4-421E-4EEE-B762-5FAFD9AE3B8A}"
EndProject
Project("{2150E333-8FDC-42A3-9474-1A3956D46DE8}") = "3-BusinessLogic", "3-BusinessLogic", "{EE47FA0E-B2C7-4ECA-A8AC-9A71045B24AF}"
EndProject
Project("{2150E333-8FDC-42A3-9474-1A3956D46DE8}") = "7-UserInterface", "7-UserInterface", "{E440B8F6-833F-4871-899A-BECD462F5BD6}"
EndProject
Project("{2150E333-8FDC-42A3-9474-1A3956D46DE8}") = "5-Testing", "5-Testing", "{F91C147B-09C8-4BBF-99EE-5F79B2FC2CD1}"
EndProject
Project("{2150E333-8FDC-42A3-9474-1A3956D46DE8}") = "1-Repository", "1-Repository", "{E672CE75-390B-4FB7-9F2E-EA9286AFC5F8}"
EndProject
Project("{FAE04EC0-301F-11D3-BF4B-00C04F79EFBC}") = "Depcom.TaberIsla.Repository", "Depcom.TaberIsla.Repository\Depcom.TaberIsla.Repository.csproj", "{B18FBA44-5D0C-4564-9343-6C230DD80DAA}"
EndProject
Project("{2150E333-8FDC-42A3-9474-1A3956D46DE8}") = "6-DepencyResolver", "6-DepencyResolver", "{F55AB223-228E-4657-B7F4-9E6E3E5F87E6}"
EndProject
Project("{FAE04EC0-301F-11D3-BF4B-00C04F79EFBC}") = "Depcom.TaberIsla.DepencyResolver", "Depcom.TaberIsla.DepencyResolver\Depcom.TaberIsla.DepencyResolver.csproj", "{1460EFB2-6A7E-4B15-B507-263A42AB3649}"
EndProject
Project("{6141683F-8A12-4E36-9623-2EB02B2C2303}") = "TaberIslaSetup", "TaberIslaSetup\TaberIslaSetup.isproj", "{EB386A37-849E-4697-9AEF-7FD17B868580}"
EndProject
Project("{FAE04EC0-301F-11D3-BF4B-00C04F79EFBC}") = "Depcom.TaberIsla.Dtos", "Depcom.TaberIsla.Dtos\Depcom.TaberIsla.Dtos.csproj", "{4DE009B7-E4D6-41CD-908A-76AF4CFB75F5}"
EndProject
Project("{2150E333-8FDC-42A3-9474-1A3956D46DE8}") = "4-BussinessEntities", "4-BussinessEntities", "{F6320521-FCA5-479A-9084-034F17CDEF91}"
EndProject
Global
	GlobalSection(SolutionConfigurationPlatforms) = preSolution
		CD_ROM|Any CPU = CD_ROM|Any CPU
		Debug|Any CPU = Debug|Any CPU
		DVD-5|Any CPU = DVD-5|Any CPU
		Release|Any CPU = Release|Any CPU
		SingleImage|Any CPU = SingleImage|Any CPU
	EndGlobalSection
	GlobalSection(ProjectConfigurationPlatforms) = postSolution
		{3B02798E-7CB5-4684-BC3F-9C0445FF4DF3}.CD_ROM|Any CPU.ActiveCfg = Release|Any CPU
		{3B02798E-7CB5-4684-BC3F-9C0445FF4DF3}.CD_ROM|Any CPU.Build.0 = Release|Any CPU
		{3B02798E-7CB5-4684-BC3F-9C0445FF4DF3}.Debug|Any CPU.ActiveCfg = Debug|Any CPU
		{3B02798E-7CB5-4684-BC3F-9C0445FF4DF3}.Debug|Any CPU.Build.0 = Debug|Any CPU
		{3B02798E-7CB5-4684-BC3F-9C0445FF4DF3}.DVD-5|Any CPU.ActiveCfg = Debug|Any CPU
		{3B02798E-7CB5-4684-BC3F-9C0445FF4DF3}.DVD-5|Any CPU.Build.0 = Debug|Any CPU
		{3B02798E-7CB5-4684-BC3F-9C0445FF4DF3}.Release|Any CPU.ActiveCfg = Release|Any CPU
		{3B02798E-7CB5-4684-BC3F-9C0445FF4DF3}.Release|Any CPU.Build.0 = Release|Any CPU
		{3B02798E-7CB5-4684-BC3F-9C0445FF4DF3}.SingleImage|Any CPU.ActiveCfg = Release|Any CPU
		{3B02798E-7CB5-4684-BC3F-9C0445FF4DF3}.SingleImage|Any CPU.Build.0 = Release|Any CPU
		{EDEEB363-1BEB-46E0-8E0C-DD13A617C2FE}.CD_ROM|Any CPU.ActiveCfg = Release|Any CPU
		{EDEEB363-1BEB-46E0-8E0C-DD13A617C2FE}.CD_ROM|Any CPU.Build.0 = Release|Any CPU
		{EDEEB363-1BEB-46E0-8E0C-DD13A617C2FE}.Debug|Any CPU.ActiveCfg = Debug|Any CPU
		{EDEEB363-1BEB-46E0-8E0C-DD13A617C2FE}.Debug|Any CPU.Build.0 = Debug|Any CPU
		{EDEEB363-1BEB-46E0-8E0C-DD13A617C2FE}.DVD-5|Any CPU.ActiveCfg = Debug|Any CPU
		{EDEEB363-1BEB-46E0-8E0C-DD13A617C2FE}.DVD-5|Any CPU.Build.0 = Debug|Any CPU
		{EDEEB363-1BEB-46E0-8E0C-DD13A617C2FE}.Release|Any CPU.ActiveCfg = Release|Any CPU
		{EDEEB363-1BEB-46E0-8E0C-DD13A617C2FE}.Release|Any CPU.Build.0 = Release|Any CPU
		{EDEEB363-1BEB-46E0-8E0C-DD13A617C2FE}.SingleImage|Any CPU.ActiveCfg = Release|Any CPU
		{EDEEB363-1BEB-46E0-8E0C-DD13A617C2FE}.SingleImage|Any CPU.Build.0 = Release|Any CPU
		{4E153BAB-F679-41F9-B29D-F79927FF4EEE}.CD_ROM|Any CPU.ActiveCfg = Release|Any CPU
		{4E153BAB-F679-41F9-B29D-F79927FF4EEE}.CD_ROM|Any CPU.Build.0 = Release|Any CPU
		{4E153BAB-F679-41F9-B29D-F79927FF4EEE}.Debug|Any CPU.ActiveCfg = Debug|Any CPU
		{4E153BAB-F679-41F9-B29D-F79927FF4EEE}.Debug|Any CPU.Build.0 = Debug|Any CPU
		{4E153BAB-F679-41F9-B29D-F79927FF4EEE}.DVD-5|Any CPU.ActiveCfg = Debug|Any CPU
		{4E153BAB-F679-41F9-B29D-F79927FF4EEE}.DVD-5|Any CPU.Build.0 = Debug|Any CPU
		{4E153BAB-F679-41F9-B29D-F79927FF4EEE}.Release|Any CPU.ActiveCfg = Release|Any CPU
		{4E153BAB-F679-41F9-B29D-F79927FF4EEE}.Release|Any CPU.Build.0 = Release|Any CPU
		{4E153BAB-F679-41F9-B29D-F79927FF4EEE}.SingleImage|Any CPU.ActiveCfg = Release|Any CPU
		{4E153BAB-F679-41F9-B29D-F79927FF4EEE}.SingleImage|Any CPU.Build.0 = Release|Any CPU
		{62E3F178-66FA-42B4-9E6F-AD058DAAF1FC}.CD_ROM|Any CPU.ActiveCfg = Release|Any CPU
		{62E3F178-66FA-42B4-9E6F-AD058DAAF1FC}.CD_ROM|Any CPU.Build.0 = Release|Any CPU
		{62E3F178-66FA-42B4-9E6F-AD058DAAF1FC}.Debug|Any CPU.ActiveCfg = Debug|Any CPU
		{62E3F178-66FA-42B4-9E6F-AD058DAAF1FC}.Debug|Any CPU.Build.0 = Debug|Any CPU
		{62E3F178-66FA-42B4-9E6F-AD058DAAF1FC}.DVD-5|Any CPU.ActiveCfg = Debug|Any CPU
		{62E3F178-66FA-42B4-9E6F-AD058DAAF1FC}.DVD-5|Any CPU.Build.0 = Debug|Any CPU
		{62E3F178-66FA-42B4-9E6F-AD058DAAF1FC}.Release|Any CPU.ActiveCfg = Release|Any CPU
		{62E3F178-66FA-42B4-9E6F-AD058DAAF1FC}.Release|Any CPU.Build.0 = Release|Any CPU
		{62E3F178-66FA-42B4-9E6F-AD058DAAF1FC}.SingleImage|Any CPU.ActiveCfg = Release|Any CPU
		{62E3F178-66FA-42B4-9E6F-AD058DAAF1FC}.SingleImage|Any CPU.Build.0 = Release|Any CPU
		{75063312-15BE-447C-B3DB-6586A4BE264F}.CD_ROM|Any CPU.ActiveCfg = Release|Any CPU
		{75063312-15BE-447C-B3DB-6586A4BE264F}.CD_ROM|Any CPU.Build.0 = Release|Any CPU
		{75063312-15BE-447C-B3DB-6586A4BE264F}.Debug|Any CPU.ActiveCfg = Debug|Any CPU
		{75063312-15BE-447C-B3DB-6586A4BE264F}.Debug|Any CPU.Build.0 = Debug|Any CPU
		{75063312-15BE-447C-B3DB-6586A4BE264F}.DVD-5|Any CPU.ActiveCfg = Debug|Any CPU
		{75063312-15BE-447C-B3DB-6586A4BE264F}.DVD-5|Any CPU.Build.0 = Debug|Any CPU
		{75063312-15BE-447C-B3DB-6586A4BE264F}.Release|Any CPU.ActiveCfg = Release|Any CPU
		{75063312-15BE-447C-B3DB-6586A4BE264F}.Release|Any CPU.Build.0 = Release|Any CPU
		{75063312-15BE-447C-B3DB-6586A4BE264F}.SingleImage|Any CPU.ActiveCfg = Release|Any CPU
		{75063312-15BE-447C-B3DB-6586A4BE264F}.SingleImage|Any CPU.Build.0 = Release|Any CPU
		{B18FBA44-5D0C-4564-9343-6C230DD80DAA}.CD_ROM|Any CPU.ActiveCfg = Release|Any CPU
		{B18FBA44-5D0C-4564-9343-6C230DD80DAA}.CD_ROM|Any CPU.Build.0 = Release|Any CPU
		{B18FBA44-5D0C-4564-9343-6C230DD80DAA}.Debug|Any CPU.ActiveCfg = Debug|Any CPU
		{B18FBA44-5D0C-4564-9343-6C230DD80DAA}.Debug|Any CPU.Build.0 = Debug|Any CPU
		{B18FBA44-5D0C-4564-9343-6C230DD80DAA}.DVD-5|Any CPU.ActiveCfg = Debug|Any CPU
		{B18FBA44-5D0C-4564-9343-6C230DD80DAA}.DVD-5|Any CPU.Build.0 = Debug|Any CPU
		{B18FBA44-5D0C-4564-9343-6C230DD80DAA}.Release|Any CPU.ActiveCfg = Release|Any CPU
		{B18FBA44-5D0C-4564-9343-6C230DD80DAA}.Release|Any CPU.Build.0 = Release|Any CPU
		{B18FBA44-5D0C-4564-9343-6C230DD80DAA}.SingleImage|Any CPU.ActiveCfg = Release|Any CPU
		{B18FBA44-5D0C-4564-9343-6C230DD80DAA}.SingleImage|Any CPU.Build.0 = Release|Any CPU
		{1460EFB2-6A7E-4B15-B507-263A42AB3649}.CD_ROM|Any CPU.ActiveCfg = Release|Any CPU
		{1460EFB2-6A7E-4B15-B507-263A42AB3649}.CD_ROM|Any CPU.Build.0 = Release|Any CPU
		{1460EFB2-6A7E-4B15-B507-263A42AB3649}.Debug|Any CPU.ActiveCfg = Debug|Any CPU
		{1460EFB2-6A7E-4B15-B507-263A42AB3649}.Debug|Any CPU.Build.0 = Debug|Any CPU
		{1460EFB2-6A7E-4B15-B507-263A42AB3649}.DVD-5|Any CPU.ActiveCfg = Debug|Any CPU
		{1460EFB2-6A7E-4B15-B507-263A42AB3649}.DVD-5|Any CPU.Build.0 = Debug|Any CPU
		{1460EFB2-6A7E-4B15-B507-263A42AB3649}.Release|Any CPU.ActiveCfg = Release|Any CPU
		{1460EFB2-6A7E-4B15-B507-263A42AB3649}.Release|Any CPU.Build.0 = Release|Any CPU
		{1460EFB2-6A7E-4B15-B507-263A42AB3649}.SingleImage|Any CPU.ActiveCfg = Release|Any CPU
		{1460EFB2-6A7E-4B15-B507-263A42AB3649}.SingleImage|Any CPU.Build.0 = Release|Any CPU
		{EB386A37-849E-4697-9AEF-7FD17B868580}.CD_ROM|Any CPU.ActiveCfg = CD_ROM
		{EB386A37-849E-4697-9AEF-7FD17B868580}.CD_ROM|Any CPU.Build.0 = CD_ROM
		{EB386A37-849E-4697-9AEF-7FD17B868580}.Debug|Any CPU.ActiveCfg = DVD-5
		{EB386A37-849E-4697-9AEF-7FD17B868580}.Debug|Any CPU.Build.0 = DVD-5
		{EB386A37-849E-4697-9AEF-7FD17B868580}.DVD-5|Any CPU.ActiveCfg = DVD-5
		{EB386A37-849E-4697-9AEF-7FD17B868580}.DVD-5|Any CPU.Build.0 = DVD-5
		{EB386A37-849E-4697-9AEF-7FD17B868580}.Release|Any CPU.ActiveCfg = SingleImage
		{EB386A37-849E-4697-9AEF-7FD17B868580}.Release|Any CPU.Build.0 = SingleImage
		{EB386A37-849E-4697-9AEF-7FD17B868580}.SingleImage|Any CPU.ActiveCfg = SingleImage
		{EB386A37-849E-4697-9AEF-7FD17B868580}.SingleImage|Any CPU.Build.0 = SingleImage
		{4DE009B7-E4D6-41CD-908A-76AF4CFB75F5}.CD_ROM|Any CPU.ActiveCfg = Release|Any CPU
		{4DE009B7-E4D6-41CD-908A-76AF4CFB75F5}.CD_ROM|Any CPU.Build.0 = Release|Any CPU
		{4DE009B7-E4D6-41CD-908A-76AF4CFB75F5}.Debug|Any CPU.ActiveCfg = Debug|Any CPU
		{4DE009B7-E4D6-41CD-908A-76AF4CFB75F5}.Debug|Any CPU.Build.0 = Debug|Any CPU
		{4DE009B7-E4D6-41CD-908A-76AF4CFB75F5}.DVD-5|Any CPU.ActiveCfg = Debug|Any CPU
		{4DE009B7-E4D6-41CD-908A-76AF4CFB75F5}.DVD-5|Any CPU.Build.0 = Debug|Any CPU
		{4DE009B7-E4D6-41CD-908A-76AF4CFB75F5}.Release|Any CPU.ActiveCfg = Release|Any CPU
		{4DE009B7-E4D6-41CD-908A-76AF4CFB75F5}.Release|Any CPU.Build.0 = Release|Any CPU
		{4DE009B7-E4D6-41CD-908A-76AF4CFB75F5}.SingleImage|Any CPU.ActiveCfg = Release|Any CPU
		{4DE009B7-E4D6-41CD-908A-76AF4CFB75F5}.SingleImage|Any CPU.Build.0 = Release|Any CPU
	EndGlobalSection
	GlobalSection(SolutionProperties) = preSolution
		HideSolutionNode = FALSE
	EndGlobalSection
	GlobalSection(NestedProjects) = preSolution
		{3B02798E-7CB5-4684-BC3F-9C0445FF4DF3} = {E440B8F6-833F-4871-899A-BECD462F5BD6}
		{EDEEB363-1BEB-46E0-8E0C-DD13A617C2FE} = {EDE8ABF4-421E-4EEE-B762-5FAFD9AE3B8A}
		{4E153BAB-F679-41F9-B29D-F79927FF4EEE} = {3CF0BC66-B29B-4D6B-A4DA-D72212E01DB5}
		{62E3F178-66FA-42B4-9E6F-AD058DAAF1FC} = {EE47FA0E-B2C7-4ECA-A8AC-9A71045B24AF}
		{75063312-15BE-447C-B3DB-6586A4BE264F} = {F91C147B-09C8-4BBF-99EE-5F79B2FC2CD1}
		{B18FBA44-5D0C-4564-9343-6C230DD80DAA} = {E672CE75-390B-4FB7-9F2E-EA9286AFC5F8}
		{1460EFB2-6A7E-4B15-B507-263A42AB3649} = {F55AB223-228E-4657-B7F4-9E6E3E5F87E6}
		{4DE009B7-E4D6-41CD-908A-76AF4CFB75F5} = {F6320521-FCA5-479A-9084-034F17CDEF91}
	EndGlobalSection
EndGlobal
